// !$*UTF8*$!
{
	archiveVersion = 1;
	classes = {
	};
	objectVersion = 46;
	objects = {

/* Begin PBXBuildFile section */
		2F261E431CC1FC3F00325A82 /* main.m in Sources */ = {isa = PBXBuildFile; fileRef = 2F261E421CC1FC3F00325A82 /* main.m */; };
		2F261E461CC1FC3F00325A82 /* AppDelegate.m in Sources */ = {isa = PBXBuildFile; fileRef = 2F261E451CC1FC3F00325A82 /* AppDelegate.m */; };
		2F261E4E1CC1FC3F00325A82 /* Assets.xcassets in Resources */ = {isa = PBXBuildFile; fileRef = 2F261E4D1CC1FC3F00325A82 /* Assets.xcassets */; };
		2F261E511CC1FC3F00325A82 /* LaunchScreen.storyboard in Resources */ = {isa = PBXBuildFile; fileRef = 2F261E4F1CC1FC3F00325A82 /* LaunchScreen.storyboard */; };
		2F261E5D1CC1FD7E00325A82 /* APlayerIOS.framework in Frameworks */ = {isa = PBXBuildFile; fileRef = 2F261E5C1CC1FD7E00325A82 /* APlayerIOS.framework */; };
		2F261E6E1CC203E900325A82 /* libPlayerKit.a in Frameworks */ = {isa = PBXBuildFile; fileRef = 2F261E691CC203C700325A82 /* libPlayerKit.a */; };
		2F261E731CC2049200325A82 /* MediaPlayer.framework in Frameworks */ = {isa = PBXBuildFile; fileRef = 2F261E721CC2049200325A82 /* MediaPlayer.framework */; };
		2F261E751CC2049B00325A82 /* CoreVideo.framework in Frameworks */ = {isa = PBXBuildFile; fileRef = 2F261E741CC2049B00325A82 /* CoreVideo.framework */; };
		2F261E771CC204A100325A82 /* CoreGraphics.framework in Frameworks */ = {isa = PBXBuildFile; fileRef = 2F261E761CC204A100325A82 /* CoreGraphics.framework */; };
		2F261E791CC204B300325A82 /* CoreAudio.framework in Frameworks */ = {isa = PBXBuildFile; fileRef = 2F261E781CC204B300325A82 /* CoreAudio.framework */; };
		2F261E7B1CC204BB00325A82 /* QuartzCore.framework in Frameworks */ = {isa = PBXBuildFile; fileRef = 2F261E7A1CC204BB00325A82 /* QuartzCore.framework */; };
		2F261E7D1CC204C200325A82 /* OpenGLES.framework in Frameworks */ = {isa = PBXBuildFile; fileRef = 2F261E7C1CC204C200325A82 /* OpenGLES.framework */; };
		2F261E7F1CC204D100325A82 /* AudioToolbox.framework in Frameworks */ = {isa = PBXBuildFile; fileRef = 2F261E7E1CC204D100325A82 /* AudioToolbox.framework */; };
		2F261E811CC2054900325A82 /* Accelerate.framework in Frameworks */ = {isa = PBXBuildFile; fileRef = 2F261E801CC2054900325A82 /* Accelerate.framework */; };
		2F261E831CC2055200325A82 /* AVFoundation.framework in Frameworks */ = {isa = PBXBuildFile; fileRef = 2F261E821CC2055200325A82 /* AVFoundation.framework */; };
		2F261E851CC2056100325A82 /* CoreMedia.framework in Frameworks */ = {isa = PBXBuildFile; fileRef = 2F261E841CC2056100325A82 /* CoreMedia.framework */; };
		2F261E871CC2057800325A82 /* libz.tbd in Frameworks */ = {isa = PBXBuildFile; fileRef = 2F261E861CC2057800325A82 /* libz.tbd */; };
		2F261E891CC2058000325A82 /* libiconv.tbd in Frameworks */ = {isa = PBXBuildFile; fileRef = 2F261E881CC2058000325A82 /* libiconv.tbd */; };
		2F261E8B1CC2058900325A82 /* libbz2.tbd in Frameworks */ = {isa = PBXBuildFile; fileRef = 2F261E8A1CC2058900325A82 /* libbz2.tbd */; };
		2F261E8D1CC2058E00325A82 /* SystemConfiguration.framework in Frameworks */ = {isa = PBXBuildFile; fileRef = 2F261E8C1CC2058E00325A82 /* SystemConfiguration.framework */; };
		2F261E8F1CC2059400325A82 /* VideoToolbox.framework in Frameworks */ = {isa = PBXBuildFile; fileRef = 2F261E8E1CC2059400325A82 /* VideoToolbox.framework */; };
		2F261EC61CC2185A00325A82 /* PlayerKitResources.bundle in Resources */ = {isa = PBXBuildFile; fileRef = 2F261E6D1CC203C700325A82 /* PlayerKitResources.bundle */; };
		2F261ECA1CC2187E00325A82 /* MainViewController.m in Sources */ = {isa = PBXBuildFile; fileRef = 2F261EC81CC2187E00325A82 /* MainViewController.m */; };
		2F261ECB1CC2187E00325A82 /* MainViewController.xib in Resources */ = {isa = PBXBuildFile; fileRef = 2F261EC91CC2187E00325A82 /* MainViewController.xib */; };
		2F6A370A1CDA1E4E0019ED8A /* ShortVideoPlayerManger.m in Sources */ = {isa = PBXBuildFile; fileRef = 2F6A37091CDA1E4E0019ED8A /* ShortVideoPlayerManger.m */; };
		2FECF5C91CCF0143008628E1 /* ShorVideoFeedViewController.m in Sources */ = {isa = PBXBuildFile; fileRef = 2FECF5BF1CCF0143008628E1 /* ShorVideoFeedViewController.m */; };
		2FECF5CA1CCF0143008628E1 /* ShorVideoFeedViewController.xib in Resources */ = {isa = PBXBuildFile; fileRef = 2FECF5C01CCF0143008628E1 /* ShorVideoFeedViewController.xib */; };
		2FECF5CB1CCF0143008628E1 /* ShortVideoFeedCellModel.m in Sources */ = {isa = PBXBuildFile; fileRef = 2FECF5C21CCF0143008628E1 /* ShortVideoFeedCellModel.m */; };
		2FECF5CC1CCF0143008628E1 /* ShortVideoFeedCell.m in Sources */ = {isa = PBXBuildFile; fileRef = 2FECF5C41CCF0143008628E1 /* ShortVideoFeedCell.m */; };
		2FECF5CD1CCF0143008628E1 /* ShortVideoFeedCell.xib in Resources */ = {isa = PBXBuildFile; fileRef = 2FECF5C51CCF0143008628E1 /* ShortVideoFeedCell.xib */; };
		2FECF5CE1CCF0143008628E1 /* ShortVideoControlFlagView.m in Sources */ = {isa = PBXBuildFile; fileRef = 2FECF5C71CCF0143008628E1 /* ShortVideoControlFlagView.m */; };
		2FECF5CF1CCF0143008628E1 /* ShortVideoControlFlagView.xib in Resources */ = {isa = PBXBuildFile; fileRef = 2FECF5C81CCF0143008628E1 /* ShortVideoControlFlagView.xib */; };
		2FECF5DE1CCF955D008628E1 /* ShortVideoPlayerShareView.m in Sources */ = {isa = PBXBuildFile; fileRef = 2FECF5DD1CCF955D008628E1 /* ShortVideoPlayerShareView.m */; };
		2FECF5E21CCF9571008628E1 /* ShortVideoPlayerShareView.xib in Resources */ = {isa = PBXBuildFile; fileRef = 2FECF5E11CCF9571008628E1 /* ShortVideoPlayerShareView.xib */; };
		2FECF5E61CCFA3C1008628E1 /* ShortVideoPlayerErrorView.m in Sources */ = {isa = PBXBuildFile; fileRef = 2FECF5E51CCFA3C1008628E1 /* ShortVideoPlayerErrorView.m */; };
		2FECF5EA1CCFA3E1008628E1 /* ShortVideoPlayerErrorView.xib in Resources */ = {isa = PBXBuildFile; fileRef = 2FECF5E91CCFA3E1008628E1 /* ShortVideoPlayerErrorView.xib */; };
/* End PBXBuildFile section */

/* Begin PBXContainerItemProxy section */
		2F261E681CC203C700325A82 /* PBXContainerItemProxy */ = {
			isa = PBXContainerItemProxy;
			containerPortal = 2F261E611CC203C600325A82 /* PlayerKit.xcodeproj */;
			proxyType = 2;
			remoteGlobalIDString = 11C9E7001A5959FA001F7338;
			remoteInfo = PlayerKit;
		};
		2F261E6A1CC203C700325A82 /* PBXContainerItemProxy */ = {
			isa = PBXContainerItemProxy;
			containerPortal = 2F261E611CC203C600325A82 /* PlayerKit.xcodeproj */;
			proxyType = 2;
			remoteGlobalIDString = 11C9E70B1A5959FB001F7338;
			remoteInfo = PlayerKitTests;
		};
		2F261E6C1CC203C700325A82 /* PBXContainerItemProxy */ = {
			isa = PBXContainerItemProxy;
			containerPortal = 2F261E611CC203C600325A82 /* PlayerKit.xcodeproj */;
			proxyType = 2;
			remoteGlobalIDString = 11C9E7271A595A24001F7338;
			remoteInfo = PlayerKitResources;
		};
		2F261EBB1CC2102A00325A82 /* PBXContainerItemProxy */ = {
			isa = PBXContainerItemProxy;
			containerPortal = 2F261E611CC203C600325A82 /* PlayerKit.xcodeproj */;
			proxyType = 1;
			remoteGlobalIDString = 11C9E6FF1A5959FA001F7338;
			remoteInfo = PlayerKit;
		};
		2F261EBD1CC2103100325A82 /* PBXContainerItemProxy */ = {
			isa = PBXContainerItemProxy;
			containerPortal = 2F261E611CC203C600325A82 /* PlayerKit.xcodeproj */;
			proxyType = 1;
			remoteGlobalIDString = 11C9E7261A595A24001F7338;
			remoteInfo = PlayerKitResources;
		};
/* End PBXContainerItemProxy section */

/* Begin PBXFileReference section */
		2F261E3E1CC1FC3F00325A82 /* GNShortVideoDemo.app */ = {isa = PBXFileReference; explicitFileType = wrapper.application; includeInIndex = 0; path = GNShortVideoDemo.app; sourceTree = BUILT_PRODUCTS_DIR; };
		2F261E421CC1FC3F00325A82 /* main.m */ = {isa = PBXFileReference; lastKnownFileType = sourcecode.c.objc; path = main.m; sourceTree = "<group>"; };
		2F261E441CC1FC3F00325A82 /* AppDelegate.h */ = {isa = PBXFileReference; lastKnownFileType = sourcecode.c.h; path = AppDelegate.h; sourceTree = "<group>"; };
		2F261E451CC1FC3F00325A82 /* AppDelegate.m */ = {isa = PBXFileReference; lastKnownFileType = sourcecode.c.objc; path = AppDelegate.m; sourceTree = "<group>"; };
		2F261E4D1CC1FC3F00325A82 /* Assets.xcassets */ = {isa = PBXFileReference; lastKnownFileType = folder.assetcatalog; path = Assets.xcassets; sourceTree = "<group>"; };
		2F261E501CC1FC3F00325A82 /* Base */ = {isa = PBXFileReference; lastKnownFileType = file.storyboard; name = Base; path = Base.lproj/LaunchScreen.storyboard; sourceTree = "<group>"; };
		2F261E521CC1FC3F00325A82 /* Info.plist */ = {isa = PBXFileReference; lastKnownFileType = text.plist.xml; path = Info.plist; sourceTree = "<group>"; };
		2F261E5C1CC1FD7E00325A82 /* APlayerIOS.framework */ = {isa = PBXFileReference; lastKnownFileType = wrapper.framework; name = APlayerIOS.framework; path = Frameworks/APlayerIOS/APlayerIOS.framework; sourceTree = "<group>"; };
		2F261E611CC203C600325A82 /* PlayerKit.xcodeproj */ = {isa = PBXFileReference; lastKnownFileType = "wrapper.pb-project"; name = PlayerKit.xcodeproj; path = Frameworks/PlayerKit/PlayerKit.xcodeproj; sourceTree = "<group>"; };
		2F261E721CC2049200325A82 /* MediaPlayer.framework */ = {isa = PBXFileReference; lastKnownFileType = wrapper.framework; name = MediaPlayer.framework; path = System/Library/Frameworks/MediaPlayer.framework; sourceTree = SDKROOT; };
		2F261E741CC2049B00325A82 /* CoreVideo.framework */ = {isa = PBXFileReference; lastKnownFileType = wrapper.framework; name = CoreVideo.framework; path = System/Library/Frameworks/CoreVideo.framework; sourceTree = SDKROOT; };
		2F261E761CC204A100325A82 /* CoreGraphics.framework */ = {isa = PBXFileReference; lastKnownFileType = wrapper.framework; name = CoreGraphics.framework; path = System/Library/Frameworks/CoreGraphics.framework; sourceTree = SDKROOT; };
		2F261E781CC204B300325A82 /* CoreAudio.framework */ = {isa = PBXFileReference; lastKnownFileType = wrapper.framework; name = CoreAudio.framework; path = System/Library/Frameworks/CoreAudio.framework; sourceTree = SDKROOT; };
		2F261E7A1CC204BB00325A82 /* QuartzCore.framework */ = {isa = PBXFileReference; lastKnownFileType = wrapper.framework; name = QuartzCore.framework; path = System/Library/Frameworks/QuartzCore.framework; sourceTree = SDKROOT; };
		2F261E7C1CC204C200325A82 /* OpenGLES.framework */ = {isa = PBXFileReference; lastKnownFileType = wrapper.framework; name = OpenGLES.framework; path = System/Library/Frameworks/OpenGLES.framework; sourceTree = SDKROOT; };
		2F261E7E1CC204D100325A82 /* AudioToolbox.framework */ = {isa = PBXFileReference; lastKnownFileType = wrapper.framework; name = AudioToolbox.framework; path = System/Library/Frameworks/AudioToolbox.framework; sourceTree = SDKROOT; };
		2F261E801CC2054900325A82 /* Accelerate.framework */ = {isa = PBXFileReference; lastKnownFileType = wrapper.framework; name = Accelerate.framework; path = System/Library/Frameworks/Accelerate.framework; sourceTree = SDKROOT; };
		2F261E821CC2055200325A82 /* AVFoundation.framework */ = {isa = PBXFileReference; lastKnownFileType = wrapper.framework; name = AVFoundation.framework; path = System/Library/Frameworks/AVFoundation.framework; sourceTree = SDKROOT; };
		2F261E841CC2056100325A82 /* CoreMedia.framework */ = {isa = PBXFileReference; lastKnownFileType = wrapper.framework; name = CoreMedia.framework; path = System/Library/Frameworks/CoreMedia.framework; sourceTree = SDKROOT; };
		2F261E861CC2057800325A82 /* libz.tbd */ = {isa = PBXFileReference; lastKnownFileType = "sourcecode.text-based-dylib-definition"; name = libz.tbd; path = usr/lib/libz.tbd; sourceTree = SDKROOT; };
		2F261E881CC2058000325A82 /* libiconv.tbd */ = {isa = PBXFileReference; lastKnownFileType = "sourcecode.text-based-dylib-definition"; name = libiconv.tbd; path = usr/lib/libiconv.tbd; sourceTree = SDKROOT; };
		2F261E8A1CC2058900325A82 /* libbz2.tbd */ = {isa = PBXFileReference; lastKnownFileType = "sourcecode.text-based-dylib-definition"; name = libbz2.tbd; path = usr/lib/libbz2.tbd; sourceTree = SDKROOT; };
		2F261E8C1CC2058E00325A82 /* SystemConfiguration.framework */ = {isa = PBXFileReference; lastKnownFileType = wrapper.framework; name = SystemConfiguration.framework; path = System/Library/Frameworks/SystemConfiguration.framework; sourceTree = SDKROOT; };
		2F261E8E1CC2059400325A82 /* VideoToolbox.framework */ = {isa = PBXFileReference; lastKnownFileType = wrapper.framework; name = VideoToolbox.framework; path = System/Library/Frameworks/VideoToolbox.framework; sourceTree = SDKROOT; };
		2F261EC71CC2187E00325A82 /* MainViewController.h */ = {isa = PBXFileReference; fileEncoding = 4; lastKnownFileType = sourcecode.c.h; path = MainViewController.h; sourceTree = "<group>"; };
		2F261EC81CC2187E00325A82 /* MainViewController.m */ = {isa = PBXFileReference; fileEncoding = 4; lastKnownFileType = sourcecode.c.objc; path = MainViewController.m; sourceTree = "<group>"; };
		2F261EC91CC2187E00325A82 /* MainViewController.xib */ = {isa = PBXFileReference; fileEncoding = 4; lastKnownFileType = file.xib; path = MainViewController.xib; sourceTree = "<group>"; };
		2F6A37081CDA1E4E0019ED8A /* ShortVideoPlayerManger.h */ = {isa = PBXFileReference; fileEncoding = 4; lastKnownFileType = sourcecode.c.h; path = ShortVideoPlayerManger.h; sourceTree = "<group>"; };
		2F6A37091CDA1E4E0019ED8A /* ShortVideoPlayerManger.m */ = {isa = PBXFileReference; fileEncoding = 4; lastKnownFileType = sourcecode.c.objc; path = ShortVideoPlayerManger.m; sourceTree = "<group>"; };
		2FECF5BE1CCF0143008628E1 /* ShorVideoFeedViewController.h */ = {isa = PBXFileReference; fileEncoding = 4; lastKnownFileType = sourcecode.c.h; path = ShorVideoFeedViewController.h; sourceTree = "<group>"; };
		2FECF5BF1CCF0143008628E1 /* ShorVideoFeedViewController.m */ = {isa = PBXFileReference; fileEncoding = 4; lastKnownFileType = sourcecode.c.objc; path = ShorVideoFeedViewController.m; sourceTree = "<group>"; };
		2FECF5C01CCF0143008628E1 /* ShorVideoFeedViewController.xib */ = {isa = PBXFileReference; fileEncoding = 4; lastKnownFileType = file.xib; path = ShorVideoFeedViewController.xib; sourceTree = "<group>"; };
		2FECF5C11CCF0143008628E1 /* ShortVideoFeedCellModel.h */ = {isa = PBXFileReference; fileEncoding = 4; lastKnownFileType = sourcecode.c.h; path = ShortVideoFeedCellModel.h; sourceTree = "<group>"; };
		2FECF5C21CCF0143008628E1 /* ShortVideoFeedCellModel.m */ = {isa = PBXFileReference; fileEncoding = 4; lastKnownFileType = sourcecode.c.objc; path = ShortVideoFeedCellModel.m; sourceTree = "<group>"; };
		2FECF5C31CCF0143008628E1 /* ShortVideoFeedCell.h */ = {isa = PBXFileReference; fileEncoding = 4; lastKnownFileType = sourcecode.c.h; path = ShortVideoFeedCell.h; sourceTree = "<group>"; };
		2FECF5C41CCF0143008628E1 /* ShortVideoFeedCell.m */ = {isa = PBXFileReference; fileEncoding = 4; lastKnownFileType = sourcecode.c.objc; path = ShortVideoFeedCell.m; sourceTree = "<group>"; };
		2FECF5C51CCF0143008628E1 /* ShortVideoFeedCell.xib */ = {isa = PBXFileReference; fileEncoding = 4; lastKnownFileType = file.xib; path = ShortVideoFeedCell.xib; sourceTree = "<group>"; };
		2FECF5C61CCF0143008628E1 /* ShortVideoControlFlagView.h */ = {isa = PBXFileReference; fileEncoding = 4; lastKnownFileType = sourcecode.c.h; path = ShortVideoControlFlagView.h; sourceTree = "<group>"; };
		2FECF5C71CCF0143008628E1 /* ShortVideoControlFlagView.m */ = {isa = PBXFileReference; fileEncoding = 4; lastKnownFileType = sourcecode.c.objc; path = ShortVideoControlFlagView.m; sourceTree = "<group>"; };
		2FECF5C81CCF0143008628E1 /* ShortVideoControlFlagView.xib */ = {isa = PBXFileReference; fileEncoding = 4; lastKnownFileType = file.xib; path = ShortVideoControlFlagView.xib; sourceTree = "<group>"; };
		2FECF5DC1CCF955D008628E1 /* ShortVideoPlayerShareView.h */ = {isa = PBXFileReference; fileEncoding = 4; lastKnownFileType = sourcecode.c.h; path = ShortVideoPlayerShareView.h; sourceTree = "<group>"; };
		2FECF5DD1CCF955D008628E1 /* ShortVideoPlayerShareView.m */ = {isa = PBXFileReference; fileEncoding = 4; lastKnownFileType = sourcecode.c.objc; path = ShortVideoPlayerShareView.m; sourceTree = "<group>"; };
		2FECF5E11CCF9571008628E1 /* ShortVideoPlayerShareView.xib */ = {isa = PBXFileReference; fileEncoding = 4; lastKnownFileType = file.xib; path = ShortVideoPlayerShareView.xib; sourceTree = "<group>"; };
		2FECF5E41CCFA3C1008628E1 /* ShortVideoPlayerErrorView.h */ = {isa = PBXFileReference; fileEncoding = 4; lastKnownFileType = sourcecode.c.h; path = ShortVideoPlayerErrorView.h; sourceTree = "<group>"; };
		2FECF5E51CCFA3C1008628E1 /* ShortVideoPlayerErrorView.m */ = {isa = PBXFileReference; fileEncoding = 4; lastKnownFileType = sourcecode.c.objc; path = ShortVideoPlayerErrorView.m; sourceTree = "<group>"; };
		2FECF5E91CCFA3E1008628E1 /* ShortVideoPlayerErrorView.xib */ = {isa = PBXFileReference; fileEncoding = 4; lastKnownFileType = file.xib; path = ShortVideoPlayerErrorView.xib; sourceTree = "<group>"; };
/* End PBXFileReference section */

/* Begin PBXFrameworksBuildPhase section */
		2F261E3B1CC1FC3F00325A82 /* Frameworks */ = {
			isa = PBXFrameworksBuildPhase;
			buildActionMask = 2147483647;
			files = (
				2F261E8F1CC2059400325A82 /* VideoToolbox.framework in Frameworks */,
				2F261E8D1CC2058E00325A82 /* SystemConfiguration.framework in Frameworks */,
				2F261E8B1CC2058900325A82 /* libbz2.tbd in Frameworks */,
				2F261E6E1CC203E900325A82 /* libPlayerKit.a in Frameworks */,
				2F261E891CC2058000325A82 /* libiconv.tbd in Frameworks */,
				2F261E871CC2057800325A82 /* libz.tbd in Frameworks */,
				2F261E851CC2056100325A82 /* CoreMedia.framework in Frameworks */,
				2F261E831CC2055200325A82 /* AVFoundation.framework in Frameworks */,
				2F261E5D1CC1FD7E00325A82 /* APlayerIOS.framework in Frameworks */,
				2F261E811CC2054900325A82 /* Accelerate.framework in Frameworks */,
				2F261E7F1CC204D100325A82 /* AudioToolbox.framework in Frameworks */,
				2F261E7D1CC204C200325A82 /* OpenGLES.framework in Frameworks */,
				2F261E7B1CC204BB00325A82 /* QuartzCore.framework in Frameworks */,
				2F261E791CC204B300325A82 /* CoreAudio.framework in Frameworks */,
				2F261E771CC204A100325A82 /* CoreGraphics.framework in Frameworks */,
				2F261E751CC2049B00325A82 /* CoreVideo.framework in Frameworks */,
				2F261E731CC2049200325A82 /* MediaPlayer.framework in Frameworks */,
			);
			runOnlyForDeploymentPostprocessing = 0;
		};
/* End PBXFrameworksBuildPhase section */

/* Begin PBXGroup section */
		2F261E351CC1FC3F00325A82 = {
			isa = PBXGroup;
			children = (
				2F261E901CC205B400325A82 /* SystemFrameworks */,
				2F261E6F1CC2044400325A82 /* Frameworks */,
				2F261E401CC1FC3F00325A82 /* GNShortVideoDemo */,
				2F261E3F1CC1FC3F00325A82 /* Products */,
			);
			sourceTree = "<group>";
		};
		2F261E3F1CC1FC3F00325A82 /* Products */ = {
			isa = PBXGroup;
			children = (
				2F261E3E1CC1FC3F00325A82 /* GNShortVideoDemo.app */,
			);
			name = Products;
			sourceTree = "<group>";
		};
		2F261E401CC1FC3F00325A82 /* GNShortVideoDemo */ = {
			isa = PBXGroup;
			children = (
				2F261E441CC1FC3F00325A82 /* AppDelegate.h */,
				2F261E451CC1FC3F00325A82 /* AppDelegate.m */,
				2F261EC71CC2187E00325A82 /* MainViewController.h */,
				2F261EC81CC2187E00325A82 /* MainViewController.m */,
				2F261EC91CC2187E00325A82 /* MainViewController.xib */,
				2FECF5D01CCF0149008628E1 /* ShortVideoFeed */,
				2F261E4D1CC1FC3F00325A82 /* Assets.xcassets */,
				2F261E4F1CC1FC3F00325A82 /* LaunchScreen.storyboard */,
				2F261E521CC1FC3F00325A82 /* Info.plist */,
				2F261E411CC1FC3F00325A82 /* Supporting Files */,
			);
			path = GNShortVideoDemo;
			sourceTree = "<group>";
		};
		2F261E411CC1FC3F00325A82 /* Supporting Files */ = {
			isa = PBXGroup;
			children = (
				2F261E421CC1FC3F00325A82 /* main.m */,
			);
			name = "Supporting Files";
			sourceTree = "<group>";
		};
		2F261E621CC203C600325A82 /* Products */ = {
			isa = PBXGroup;
			children = (
				2F261E691CC203C700325A82 /* libPlayerKit.a */,
				2F261E6B1CC203C700325A82 /* PlayerKitTests.xctest */,
				2F261E6D1CC203C700325A82 /* PlayerKitResources.bundle */,
			);
			name = Products;
			sourceTree = "<group>";
		};
		2F261E6F1CC2044400325A82 /* Frameworks */ = {
			isa = PBXGroup;
			children = (
				2F261E711CC2046A00325A82 /* PlayerKit */,
				2F261E701CC2045D00325A82 /* APlayerIOS */,
			);
			name = Frameworks;
			sourceTree = "<group>";
		};
		2F261E701CC2045D00325A82 /* APlayerIOS */ = {
			isa = PBXGroup;
			children = (
				2F261E5C1CC1FD7E00325A82 /* APlayerIOS.framework */,
			);
			name = APlayerIOS;
			sourceTree = "<group>";
		};
		2F261E711CC2046A00325A82 /* PlayerKit */ = {
			isa = PBXGroup;
			children = (
				2F261E611CC203C600325A82 /* PlayerKit.xcodeproj */,
			);
			name = PlayerKit;
			sourceTree = "<group>";
		};
		2F261E901CC205B400325A82 /* SystemFrameworks */ = {
			isa = PBXGroup;
			children = (
				2F261E8E1CC2059400325A82 /* VideoToolbox.framework */,
				2F261E8C1CC2058E00325A82 /* SystemConfiguration.framework */,
				2F261E8A1CC2058900325A82 /* libbz2.tbd */,
				2F261E881CC2058000325A82 /* libiconv.tbd */,
				2F261E861CC2057800325A82 /* libz.tbd */,
				2F261E841CC2056100325A82 /* CoreMedia.framework */,
				2F261E821CC2055200325A82 /* AVFoundation.framework */,
				2F261E801CC2054900325A82 /* Accelerate.framework */,
				2F261E7E1CC204D100325A82 /* AudioToolbox.framework */,
				2F261E7C1CC204C200325A82 /* OpenGLES.framework */,
				2F261E7A1CC204BB00325A82 /* QuartzCore.framework */,
				2F261E781CC204B300325A82 /* CoreAudio.framework */,
				2F261E761CC204A100325A82 /* CoreGraphics.framework */,
				2F261E741CC2049B00325A82 /* CoreVideo.framework */,
				2F261E721CC2049200325A82 /* MediaPlayer.framework */,
			);
			name = SystemFrameworks;
			sourceTree = "<group>";
		};
		2FECF5D01CCF0149008628E1 /* ShortVideoFeed */ = {
			isa = PBXGroup;
			children = (
				2FECF5BE1CCF0143008628E1 /* ShorVideoFeedViewController.h */,
				2FECF5BF1CCF0143008628E1 /* ShorVideoFeedViewController.m */,
				2FECF5C01CCF0143008628E1 /* ShorVideoFeedViewController.xib */,
				2FECF5C11CCF0143008628E1 /* ShortVideoFeedCellModel.h */,
				2FECF5C21CCF0143008628E1 /* ShortVideoFeedCellModel.m */,
				2FECF5C31CCF0143008628E1 /* ShortVideoFeedCell.h */,
				2FECF5C41CCF0143008628E1 /* ShortVideoFeedCell.m */,
				2FECF5C51CCF0143008628E1 /* ShortVideoFeedCell.xib */,
				2FECF5C61CCF0143008628E1 /* ShortVideoControlFlagView.h */,
				2FECF5C71CCF0143008628E1 /* ShortVideoControlFlagView.m */,
				2FECF5C81CCF0143008628E1 /* ShortVideoControlFlagView.xib */,
				2FECF5DC1CCF955D008628E1 /* ShortVideoPlayerShareView.h */,
				2FECF5DD1CCF955D008628E1 /* ShortVideoPlayerShareView.m */,
				2FECF5E11CCF9571008628E1 /* ShortVideoPlayerShareView.xib */,
				2FECF5E41CCFA3C1008628E1 /* ShortVideoPlayerErrorView.h */,
				2FECF5E51CCFA3C1008628E1 /* ShortVideoPlayerErrorView.m */,
				2FECF5E91CCFA3E1008628E1 /* ShortVideoPlayerErrorView.xib */,
				2F6A37081CDA1E4E0019ED8A /* ShortVideoPlayerManger.h */,
				2F6A37091CDA1E4E0019ED8A /* ShortVideoPlayerManger.m */,
			);
			name = ShortVideoFeed;
			sourceTree = "<group>";
		};
/* End PBXGroup section */

/* Begin PBXNativeTarget section */
		2F261E3D1CC1FC3F00325A82 /* GNShortVideoDemo */ = {
			isa = PBXNativeTarget;
			buildConfigurationList = 2F261E551CC1FC3F00325A82 /* Build configuration list for PBXNativeTarget "GNShortVideoDemo" */;
			buildPhases = (
				2F261E3A1CC1FC3F00325A82 /* Sources */,
				2F261E3B1CC1FC3F00325A82 /* Frameworks */,
				2F261E3C1CC1FC3F00325A82 /* Resources */,
			);
			buildRules = (
			);
			dependencies = (
				2F261EBE1CC2103100325A82 /* PBXTargetDependency */,
				2F261EBC1CC2102A00325A82 /* PBXTargetDependency */,
			);
			name = GNShortVideoDemo;
			productName = GNShortVideoDemo;
			productReference = 2F261E3E1CC1FC3F00325A82 /* GNShortVideoDemo.app */;
			productType = "com.apple.product-type.application";
		};
/* End PBXNativeTarget section */

/* Begin PBXProject section */
		2F261E361CC1FC3F00325A82 /* Project object */ = {
			isa = PBXProject;
			attributes = {
				LastUpgradeCheck = 0720;
				ORGANIZATIONNAME = zhanggenning;
				TargetAttributes = {
					2F261E3D1CC1FC3F00325A82 = {
						CreatedOnToolsVersion = 7.2;
					};
				};
			};
			buildConfigurationList = 2F261E391CC1FC3F00325A82 /* Build configuration list for PBXProject "GNShortVideoDemo" */;
			compatibilityVersion = "Xcode 3.2";
			developmentRegion = English;
			hasScannedForEncodings = 0;
			knownRegions = (
				en,
				Base,
			);
			mainGroup = 2F261E351CC1FC3F00325A82;
			productRefGroup = 2F261E3F1CC1FC3F00325A82 /* Products */;
			projectDirPath = "";
			projectReferences = (
				{
					ProductGroup = 2F261E621CC203C600325A82 /* Products */;
					ProjectRef = 2F261E611CC203C600325A82 /* PlayerKit.xcodeproj */;
				},
			);
			projectRoot = "";
			targets = (
				2F261E3D1CC1FC3F00325A82 /* GNShortVideoDemo */,
			);
		};
/* End PBXProject section */

/* Begin PBXReferenceProxy section */
		2F261E691CC203C700325A82 /* libPlayerKit.a */ = {
			isa = PBXReferenceProxy;
			fileType = archive.ar;
			path = libPlayerKit.a;
			remoteRef = 2F261E681CC203C700325A82 /* PBXContainerItemProxy */;
			sourceTree = BUILT_PRODUCTS_DIR;
		};
		2F261E6B1CC203C700325A82 /* PlayerKitTests.xctest */ = {
			isa = PBXReferenceProxy;
			fileType = wrapper.cfbundle;
			path = PlayerKitTests.xctest;
			remoteRef = 2F261E6A1CC203C700325A82 /* PBXContainerItemProxy */;
			sourceTree = BUILT_PRODUCTS_DIR;
		};
		2F261E6D1CC203C700325A82 /* PlayerKitResources.bundle */ = {
			isa = PBXReferenceProxy;
			fileType = wrapper.cfbundle;
			path = PlayerKitResources.bundle;
			remoteRef = 2F261E6C1CC203C700325A82 /* PBXContainerItemProxy */;
			sourceTree = BUILT_PRODUCTS_DIR;
		};
/* End PBXReferenceProxy section */

/* Begin PBXResourcesBuildPhase section */
		2F261E3C1CC1FC3F00325A82 /* Resources */ = {
			isa = PBXResourcesBuildPhase;
			buildActionMask = 2147483647;
			files = (
				2FECF5EA1CCFA3E1008628E1 /* ShortVideoPlayerErrorView.xib in Resources */,
				2FECF5E21CCF9571008628E1 /* ShortVideoPlayerShareView.xib in Resources */,
				2F261E511CC1FC3F00325A82 /* LaunchScreen.storyboard in Resources */,
				2F261E4E1CC1FC3F00325A82 /* Assets.xcassets in Resources */,
				2FECF5CD1CCF0143008628E1 /* ShortVideoFeedCell.xib in Resources */,
				2FECF5CF1CCF0143008628E1 /* ShortVideoControlFlagView.xib in Resources */,
				2F261EC61CC2185A00325A82 /* PlayerKitResources.bundle in Resources */,
				2F261ECB1CC2187E00325A82 /* MainViewController.xib in Resources */,
				2FECF5CA1CCF0143008628E1 /* ShorVideoFeedViewController.xib in Resources */,
			);
			runOnlyForDeploymentPostprocessing = 0;
		};
/* End PBXResourcesBuildPhase section */

/* Begin PBXSourcesBuildPhase section */
		2F261E3A1CC1FC3F00325A82 /* Sources */ = {
			isa = PBXSourcesBuildPhase;
			buildActionMask = 2147483647;
			files = (
				2F261E461CC1FC3F00325A82 /* AppDelegate.m in Sources */,
				2FECF5E61CCFA3C1008628E1 /* ShortVideoPlayerErrorView.m in Sources */,
				2F261ECA1CC2187E00325A82 /* MainViewController.m in Sources */,
				2F6A370A1CDA1E4E0019ED8A /* ShortVideoPlayerManger.m in Sources */,
				2FECF5CB1CCF0143008628E1 /* ShortVideoFeedCellModel.m in Sources */,
				2FECF5C91CCF0143008628E1 /* ShorVideoFeedViewController.m in Sources */,
				2FECF5CC1CCF0143008628E1 /* ShortVideoFeedCell.m in Sources */,
				2FECF5DE1CCF955D008628E1 /* ShortVideoPlayerShareView.m in Sources */,
				2FECF5CE1CCF0143008628E1 /* ShortVideoControlFlagView.m in Sources */,
				2F261E431CC1FC3F00325A82 /* main.m in Sources */,
			);
			runOnlyForDeploymentPostprocessing = 0;
		};
/* End PBXSourcesBuildPhase section */

/* Begin PBXTargetDependency section */
		2F261EBC1CC2102A00325A82 /* PBXTargetDependency */ = {
			isa = PBXTargetDependency;
			name = PlayerKit;
			targetProxy = 2F261EBB1CC2102A00325A82 /* PBXContainerItemProxy */;
		};
		2F261EBE1CC2103100325A82 /* PBXTargetDependency */ = {
			isa = PBXTargetDependency;
			name = PlayerKitResources;
			targetProxy = 2F261EBD1CC2103100325A82 /* PBXContainerItemProxy */;
		};
/* End PBXTargetDependency section */

/* Begin PBXVariantGroup section */
		2F261E4F1CC1FC3F00325A82 /* LaunchScreen.storyboard */ = {
			isa = PBXVariantGroup;
			children = (
				2F261E501CC1FC3F00325A82 /* Base */,
			);
			name = LaunchScreen.storyboard;
			sourceTree = "<group>";
		};
/* End PBXVariantGroup section */

/* Begin XCBuildConfiguration section */
		2F261E531CC1FC3F00325A82 /* Debug */ = {
			isa = XCBuildConfiguration;
			buildSettings = {
				ALWAYS_SEARCH_USER_PATHS = NO;
				CLANG_CXX_LANGUAGE_STANDARD = "gnu++0x";
				CLANG_CXX_LIBRARY = "libc++";
				CLANG_ENABLE_MODULES = YES;
				CLANG_ENABLE_OBJC_ARC = YES;
				CLANG_WARN_BOOL_CONVERSION = YES;
				CLANG_WARN_CONSTANT_CONVERSION = YES;
				CLANG_WARN_DIRECT_OBJC_ISA_USAGE = YES_ERROR;
				CLANG_WARN_EMPTY_BODY = YES;
				CLANG_WARN_ENUM_CONVERSION = YES;
				CLANG_WARN_INT_CONVERSION = YES;
				CLANG_WARN_OBJC_ROOT_CLASS = YES_ERROR;
				CLANG_WARN_UNREACHABLE_CODE = YES;
				CLANG_WARN__DUPLICATE_METHOD_MATCH = YES;
				CODE_SIGN_IDENTITY = "iPhone Developer";
				"CODE_SIGN_IDENTITY[sdk=iphoneos*]" = "iPhone Developer";
				COPY_PHASE_STRIP = NO;
				DEBUG_INFORMATION_FORMAT = dwarf;
				ENABLE_STRICT_OBJC_MSGSEND = YES;
				ENABLE_TESTABILITY = YES;
				GCC_C_LANGUAGE_STANDARD = gnu99;
				GCC_DYNAMIC_NO_PIC = NO;
				GCC_NO_COMMON_BLOCKS = YES;
				GCC_OPTIMIZATION_LEVEL = 0;
				GCC_PREPROCESSOR_DEFINITIONS = (
					"DEBUG=1",
					"$(inherited)",
				);
				GCC_WARN_64_TO_32_BIT_CONVERSION = YES;
				GCC_WARN_ABOUT_RETURN_TYPE = YES_ERROR;
				GCC_WARN_UNDECLARED_SELECTOR = YES;
				GCC_WARN_UNINITIALIZED_AUTOS = YES_AGGRESSIVE;
				GCC_WARN_UNUSED_FUNCTION = YES;
				GCC_WARN_UNUSED_VARIABLE = YES;
				INFOPLIST_FILE = GNShortVideoDemo/Info.plist;
				IPHONEOS_DEPLOYMENT_TARGET = 6.0;
				LD_RUNPATH_SEARCH_PATHS = "@executable_path/Frameworks";
				MTL_ENABLE_DEBUG_INFO = YES;
				ONLY_ACTIVE_ARCH = YES;
				SDKROOT = iphoneos;
				TARGETED_DEVICE_FAMILY = "1,2";
			};
			name = Debug;
		};
		2F261E541CC1FC3F00325A82 /* Release */ = {
			isa = XCBuildConfiguration;
			buildSettings = {
				ALWAYS_SEARCH_USER_PATHS = NO;
				CLANG_CXX_LANGUAGE_STANDARD = "gnu++0x";
				CLANG_CXX_LIBRARY = "libc++";
				CLANG_ENABLE_MODULES = YES;
				CLANG_ENABLE_OBJC_ARC = YES;
				CLANG_WARN_BOOL_CONVERSION = YES;
				CLANG_WARN_CONSTANT_CONVERSION = YES;
				CLANG_WARN_DIRECT_OBJC_ISA_USAGE = YES_ERROR;
				CLANG_WARN_EMPTY_BODY = YES;
				CLANG_WARN_ENUM_CONVERSION = YES;
				CLANG_WARN_INT_CONVERSION = YES;
				CLANG_WARN_OBJC_ROOT_CLASS = YES_ERROR;
				CLANG_WARN_UNREACHABLE_CODE = YES;
				CLANG_WARN__DUPLICATE_METHOD_MATCH = YES;
				CODE_SIGN_IDENTITY = "iPhone Developer";
				"CODE_SIGN_IDENTITY[sdk=iphoneos*]" = "iPhone Developer";
				COPY_PHASE_STRIP = NO;
				DEBUG_INFORMATION_FORMAT = "dwarf-with-dsym";
				ENABLE_NS_ASSERTIONS = NO;
				ENABLE_STRICT_OBJC_MSGSEND = YES;
				GCC_C_LANGUAGE_STANDARD = gnu99;
				GCC_NO_COMMON_BLOCKS = YES;
				GCC_WARN_64_TO_32_BIT_CONVERSION = YES;
				GCC_WARN_ABOUT_RETURN_TYPE = YES_ERROR;
				GCC_WARN_UNDECLARED_SELECTOR = YES;
				GCC_WARN_UNINITIALIZED_AUTOS = YES_AGGRESSIVE;
				GCC_WARN_UNUSED_FUNCTION = YES;
				GCC_WARN_UNUSED_VARIABLE = YES;
				INFOPLIST_FILE = GNShortVideoDemo/Info.plist;
				IPHONEOS_DEPLOYMENT_TARGET = 6.0;
				LD_RUNPATH_SEARCH_PATHS = "@executable_path/Frameworks";
				MTL_ENABLE_DEBUG_INFO = NO;
				SDKROOT = iphoneos;
				TARGETED_DEVICE_FAMILY = "1,2";
				VALIDATE_PRODUCT = YES;
			};
			name = Release;
		};
		2F261E561CC1FC3F00325A82 /* Debug */ = {
			isa = XCBuildConfiguration;
			buildSettings = {
				ASSETCATALOG_COMPILER_APPICON_NAME = AppIcon;
				CODE_SIGN_IDENTITY = "iPhone Developer";
				ENABLE_BITCODE = NO;
				FRAMEWORK_SEARCH_PATHS = (
					"$(inherited)",
					"$(PROJECT_DIR)/Frameworks/APlayerIOS",
				);
				HEADER_SEARCH_PATHS = (
					"$(inherited)",
					/Applications/Xcode.app/Contents/Developer/Toolchains/XcodeDefault.xctoolchain/usr/include,
					"./Frameworks/**",
				);
				INFOPLIST_FILE = GNShortVideoDemo/Info.plist;
				IPHONEOS_DEPLOYMENT_TARGET = 7.0;
				LD_RUNPATH_SEARCH_PATHS = "$(inherited)";
				LIBRARY_SEARCH_PATHS = (
					"$(inherited)",
					"$(PROJECT_DIR)/Frameworks/APlayerIOS",
				);
				ONLY_ACTIVE_ARCH = NO;
				OTHER_LDFLAGS = (
					"-Objc",
					"-all_load",
				);
				PRODUCT_BUNDLE_IDENTIFIER = zhanggenning.com.GNShortVideoDemo;
				PRODUCT_NAME = "$(TARGET_NAME)";
				VALID_ARCHS = "armv7 arm64";
			};
			name = Debug;
		};
		2F261E571CC1FC3F00325A82 /* Release */ = {
			isa = XCBuildConfiguration;
			buildSettings = {
				ASSETCATALOG_COMPILER_APPICON_NAME = AppIcon;
				CODE_SIGN_IDENTITY = "iPhone Developer";
				ENABLE_BITCODE = NO;
				FRAMEWORK_SEARCH_PATHS = (
					"$(inherited)",
					"$(PROJECT_DIR)/Frameworks/APlayerIOS",
				);
				HEADER_SEARCH_PATHS = (
					"$(inherited)",
					/Applications/Xcode.app/Contents/Developer/Toolchains/XcodeDefault.xctoolchain/usr/include,
					"./Frameworks/**",
				);
				INFOPLIST_FILE = GNShortVideoDemo/Info.plist;
				IPHONEOS_DEPLOYMENT_TARGET = 7.0;
				LD_RUNPATH_SEARCH_PATHS = "$(inherited)";
				LIBRARY_SEARCH_PATHS = (
					"$(inherited)",
					"$(PROJECT_DIR)/Frameworks/APlayerIOS",
				);
				ONLY_ACTIVE_ARCH = NO;
				OTHER_LDFLAGS = (
					"-Objc",
					"-all_load",
				);
				PRODUCT_BUNDLE_IDENTIFIER = zhanggenning.com.GNShortVideoDemo;
				PRODUCT_NAME = "$(TARGET_NAME)";
				VALID_ARCHS = "armv7 arm64";
			};
			name = Release;
		};
/* End XCBuildConfiguration section */

/* Begin XCConfigurationList section */
		2F261E391CC1FC3F00325A82 /* Build configuration list for PBXProject "GNShortVideoDemo" */ = {
			isa = XCConfigurationList;
			buildConfigurations = (
				2F261E531CC1FC3F00325A82 /* Debug */,
				2F261E541CC1FC3F00325A82 /* Release */,
			);
			defaultConfigurationIsVisible = 0;
			defaultConfigurationName = Release;
		};
		2F261E551CC1FC3F00325A82 /* Build configuration list for PBXNativeTarget "GNShortVideoDemo" */ = {
			isa = XCConfigurationList;
			buildConfigurations = (
				2F261E561CC1FC3F00325A82 /* Debug */,
				2F261E571CC1FC3F00325A82 /* Release */,
			);
			defaultConfigurationIsVisible = 0;
			defaultConfigurationName = Release;
		};
/* End XCConfigurationList section */
	};
	rootObject = 2F261E361CC1FC3F00325A82 /* Project object */;
}
